
Microsoft Visual Studio Solution File, Format Version 12.00
# Visual Studio Version 16
VisualStudioVersion = 16.0.30907.101
MinimumVisualStudioVersion = 10.0.40219.1
Project("{9A19103F-16F7-4668-BE54-9A1E7A4F7556}") = "Houses", "Houses\Houses.csproj", "{34F09369-6910-4919-94F5-8081995317F4}"
EndProject
Project("{FAE04EC0-301F-11D3-BF4B-00C04F79EFBC}") = "Core", "Core\Core.csproj", "{75BD1A52-BC17-43D2-92DF-7848D7027CDB}"
EndProject
Project("{FAE04EC0-301F-11D3-BF4B-00C04F79EFBC}") = "Data", "Data\Data.csproj", "{99AF52F2-596C-431A-BDAF-673D8D76F22F}"
EndProject
Global
	GlobalSection(SolutionConfigurationPlatforms) = preSolution
		Debug|Any CPU = Debug|Any CPU
		Release|Any CPU = Release|Any CPU
	EndGlobalSection
	GlobalSection(ProjectConfigurationPlatforms) = postSolution
		{34F09369-6910-4919-94F5-8081995317F4}.Debug|Any CPU.ActiveCfg = Debug|Any CPU
		{34F09369-6910-4919-94F5-8081995317F4}.Debug|Any CPU.Build.0 = Debug|Any CPU
		{34F09369-6910-4919-94F5-8081995317F4}.Release|Any CPU.ActiveCfg = Release|Any CPU
		{34F09369-6910-4919-94F5-8081995317F4}.Release|Any CPU.Build.0 = Release|Any CPU
		{75BD1A52-BC17-43D2-92DF-7848D7027CDB}.Debug|Any CPU.ActiveCfg = Debug|Any CPU
		{75BD1A52-BC17-43D2-92DF-7848D7027CDB}.Debug|Any CPU.Build.0 = Debug|Any CPU
		{75BD1A52-BC17-43D2-92DF-7848D7027CDB}.Release|Any CPU.ActiveCfg = Release|Any CPU
		{75BD1A52-BC17-43D2-92DF-7848D7027CDB}.Release|Any CPU.Build.0 = Release|Any CPU
		{99AF52F2-596C-431A-BDAF-673D8D76F22F}.Debug|Any CPU.ActiveCfg = Debug|Any CPU
		{99AF52F2-596C-431A-BDAF-673D8D76F22F}.Debug|Any CPU.Build.0 = Debug|Any CPU
		{99AF52F2-596C-431A-BDAF-673D8D76F22F}.Release|Any CPU.ActiveCfg = Release|Any CPU
		{99AF52F2-596C-431A-BDAF-673D8D76F22F}.Release|Any CPU.Build.0 = Release|Any CPU
	EndGlobalSection
	GlobalSection(SolutionProperties) = preSolution
		HideSolutionNode = FALSE
	EndGlobalSection
	GlobalSection(ExtensibilityGlobals) = postSolution
		SolutionGuid = {C9584EE4-06F3-428F-9D94-0A541D148997}
	EndGlobalSection
EndGlobal
